
Microsoft Visual Studio Solution File, Format Version 12.00
# Visual Studio 15
VisualStudioVersion = 15.0.27428.2005
MinimumVisualStudioVersion = 10.0.40219.1
Project("{FAE04EC0-301F-11D3-BF4B-00C04F79EFBC}") = "RandomTeamGenerator", "RandomTeamGenerator\RandomTeamGenerator.csproj", "{F33376CB-28F5-4355-BB11-7A7CE8E81081}"
EndProject
Global
	GlobalSection(SolutionConfigurationPlatforms) = preSolution
		Debug|Any CPU = Debug|Any CPU
		Release|Any CPU = Release|Any CPU
	EndGlobalSection
	GlobalSection(ProjectConfigurationPlatforms) = postSolution
		{F33376CB-28F5-4355-BB11-7A7CE8E81081}.Debug|Any CPU.ActiveCfg = Debug|Any CPU
		{F33376CB-28F5-4355-BB11-7A7CE8E81081}.Debug|Any CPU.Build.0 = Debug|Any CPU
		{F33376CB-28F5-4355-BB11-7A7CE8E81081}.Release|Any CPU.ActiveCfg = Release|Any CPU
		{F33376CB-28F5-4355-BB11-7A7CE8E81081}.Release|Any CPU.Build.0 = Release|Any CPU
	EndGlobalSection
	GlobalSection(SolutionProperties) = preSolution
		HideSolutionNode = FALSE
	EndGlobalSection
	GlobalSection(ExtensibilityGlobals) = postSolution
		SolutionGuid = {DC74164B-F61F-4743-81D0-16DD65ABD268}
	EndGlobalSection
EndGlobal
